
Microsoft Visual Studio Solution File, Format Version 12.00
# Visual Studio Version 17
VisualStudioVersion = 17.1.32407.343
MinimumVisualStudioVersion = 10.0.40219.1
Project("{FAE04EC0-301F-11D3-BF4B-00C04F79EFBC}") = "GrpcGreeter", "GrpcService1\GrpcGreeter.csproj", "{052C5C3C-3833-4E4B-8E19-26AA284EF2DB}"
EndProject
Project("{FAE04EC0-301F-11D3-BF4B-00C04F79EFBC}") = "GrpcGreeterClient", "GrpcGreeterClient\GrpcGreeterClient.csproj", "{A48B6294-872C-4A07-BD28-6D6CE64D8AF9}"
EndProject
Project("{2150E333-8FDC-42A3-9474-1A3956D46DE8}") = "Document", "Document", "{54459263-422A-4AE0-89AD-7F174B976071}"
	ProjectSection(SolutionItems) = preProject
		README.md = README.md
	EndProjectSection
EndProject
Global
	GlobalSection(SolutionConfigurationPlatforms) = preSolution
		Debug|Any CPU = Debug|Any CPU
		Release|Any CPU = Release|Any CPU
	EndGlobalSection
	GlobalSection(ProjectConfigurationPlatforms) = postSolution
		{052C5C3C-3833-4E4B-8E19-26AA284EF2DB}.Debug|Any CPU.ActiveCfg = Debug|Any CPU
		{052C5C3C-3833-4E4B-8E19-26AA284EF2DB}.Debug|Any CPU.Build.0 = Debug|Any CPU
		{052C5C3C-3833-4E4B-8E19-26AA284EF2DB}.Release|Any CPU.ActiveCfg = Release|Any CPU
		{052C5C3C-3833-4E4B-8E19-26AA284EF2DB}.Release|Any CPU.Build.0 = Release|Any CPU
		{A48B6294-872C-4A07-BD28-6D6CE64D8AF9}.Debug|Any CPU.ActiveCfg = Debug|Any CPU
		{A48B6294-872C-4A07-BD28-6D6CE64D8AF9}.Debug|Any CPU.Build.0 = Debug|Any CPU
		{A48B6294-872C-4A07-BD28-6D6CE64D8AF9}.Release|Any CPU.ActiveCfg = Release|Any CPU
		{A48B6294-872C-4A07-BD28-6D6CE64D8AF9}.Release|Any CPU.Build.0 = Release|Any CPU
	EndGlobalSection
	GlobalSection(SolutionProperties) = preSolution
		HideSolutionNode = FALSE
	EndGlobalSection
	GlobalSection(ExtensibilityGlobals) = postSolution
		SolutionGuid = {5DB7EAE6-FBA6-4517-AEDA-41F5959F5415}
	EndGlobalSection
EndGlobal
